
Microsoft Visual Studio Solution File, Format Version 12.00
# Visual Studio Version 16
VisualStudioVersion = 16.0.31624.102
MinimumVisualStudioVersion = 10.0.40219.1
Project("{FAE04EC0-301F-11D3-BF4B-00C04F79EFBC}") = "Garage3.Data", "Garage3.Data\Garage3.Data.csproj", "{C80173D6-AC12-4190-856F-3E4B15CB0C5C}"
EndProject
Project("{FAE04EC0-301F-11D3-BF4B-00C04F79EFBC}") = "Garage3.Services", "Garage3.Services\Garage3.Services.csproj", "{DE3C4C42-FD81-4662-B928-CD9DA627B89E}"
EndProject
Project("{FAE04EC0-301F-11D3-BF4B-00C04F79EFBC}") = "Garage3.Frontend", "Garage3.Frontend\Garage3.Frontend.csproj", "{2C6004A1-11FD-4ADC-9A1D-AABD3CBEA72F}"
EndProject
Global
	GlobalSection(SolutionConfigurationPlatforms) = preSolution
		Debug|Any CPU = Debug|Any CPU
		Release|Any CPU = Release|Any CPU
	EndGlobalSection
	GlobalSection(ProjectConfigurationPlatforms) = postSolution
		{C80173D6-AC12-4190-856F-3E4B15CB0C5C}.Debug|Any CPU.ActiveCfg = Debug|Any CPU
		{C80173D6-AC12-4190-856F-3E4B15CB0C5C}.Debug|Any CPU.Build.0 = Debug|Any CPU
		{C80173D6-AC12-4190-856F-3E4B15CB0C5C}.Release|Any CPU.ActiveCfg = Release|Any CPU
		{C80173D6-AC12-4190-856F-3E4B15CB0C5C}.Release|Any CPU.Build.0 = Release|Any CPU
		{DE3C4C42-FD81-4662-B928-CD9DA627B89E}.Debug|Any CPU.ActiveCfg = Debug|Any CPU
		{DE3C4C42-FD81-4662-B928-CD9DA627B89E}.Debug|Any CPU.Build.0 = Debug|Any CPU
		{DE3C4C42-FD81-4662-B928-CD9DA627B89E}.Release|Any CPU.ActiveCfg = Release|Any CPU
		{DE3C4C42-FD81-4662-B928-CD9DA627B89E}.Release|Any CPU.Build.0 = Release|Any CPU
		{2C6004A1-11FD-4ADC-9A1D-AABD3CBEA72F}.Debug|Any CPU.ActiveCfg = Debug|Any CPU
		{2C6004A1-11FD-4ADC-9A1D-AABD3CBEA72F}.Debug|Any CPU.Build.0 = Debug|Any CPU
		{2C6004A1-11FD-4ADC-9A1D-AABD3CBEA72F}.Release|Any CPU.ActiveCfg = Release|Any CPU
		{2C6004A1-11FD-4ADC-9A1D-AABD3CBEA72F}.Release|Any CPU.Build.0 = Release|Any CPU
	EndGlobalSection
	GlobalSection(SolutionProperties) = preSolution
		HideSolutionNode = FALSE
	EndGlobalSection
	GlobalSection(ExtensibilityGlobals) = postSolution
		SolutionGuid = {618F286D-F3A3-4B4B-B89B-93A4749EE816}
	EndGlobalSection
EndGlobal
